
Microsoft Visual Studio Solution File, Format Version 12.00
# Visual Studio 2013
VisualStudioVersion = 12.0.21005.1
MinimumVisualStudioVersion = 10.0.40219.1
Project("{FAE04EC0-301F-11D3-BF4B-00C04F79EFBC}") = "H_Compras", "H_Compras\H_Compras.csproj", "{DAB60127-5D45-4C7E-AA03-C14F546FCF13}"
EndProject
Global
	GlobalSection(TeamFoundationVersionControl) = preSolution
		SccNumberOfProjects = 2
		SccEnterpriseProvider = {4CA58AB2-18FA-4F8D-95D4-32DDF27D184C}
		SccTeamFoundationServer = http://sapbo2:8080/tfs/defaultcollection
		SccLocalPath0 = .
		SccProjectUniqueName1 = H_Compras\\H_Compras.csproj
		SccProjectName1 = H_Compras
		SccLocalPath1 = H_Compras
	EndGlobalSection
	GlobalSection(SolutionConfigurationPlatforms) = preSolution
		Debug|Any CPU = Debug|Any CPU
		Debug|Mixed Platforms = Debug|Mixed Platforms
		Debug|x86 = Debug|x86
		Release|Any CPU = Release|Any CPU
		Release|Mixed Platforms = Release|Mixed Platforms
		Release|x86 = Release|x86
	EndGlobalSection
	GlobalSection(ProjectConfigurationPlatforms) = postSolution
		{DAB60127-5D45-4C7E-AA03-C14F546FCF13}.Debug|Any CPU.ActiveCfg = Debug|x86
		{DAB60127-5D45-4C7E-AA03-C14F546FCF13}.Debug|Mixed Platforms.ActiveCfg = Debug|x86
		{DAB60127-5D45-4C7E-AA03-C14F546FCF13}.Debug|Mixed Platforms.Build.0 = Debug|x86
		{DAB60127-5D45-4C7E-AA03-C14F546FCF13}.Debug|x86.ActiveCfg = Debug|x86
		{DAB60127-5D45-4C7E-AA03-C14F546FCF13}.Debug|x86.Build.0 = Debug|x86
		{DAB60127-5D45-4C7E-AA03-C14F546FCF13}.Release|Any CPU.ActiveCfg = Release|x86
		{DAB60127-5D45-4C7E-AA03-C14F546FCF13}.Release|Mixed Platforms.ActiveCfg = Release|x86
		{DAB60127-5D45-4C7E-AA03-C14F546FCF13}.Release|Mixed Platforms.Build.0 = Release|x86
		{DAB60127-5D45-4C7E-AA03-C14F546FCF13}.Release|x86.ActiveCfg = Release|x86
		{DAB60127-5D45-4C7E-AA03-C14F546FCF13}.Release|x86.Build.0 = Release|x86
	EndGlobalSection
	GlobalSection(SolutionProperties) = preSolution
		HideSolutionNode = FALSE
	EndGlobalSection
EndGlobal
